
Microsoft Visual Studio Solution File, Format Version 12.00
# Visual Studio 2012
Project("{FAE04EC0-301F-11D3-BF4B-00C04F79EFBC}") = "NView.GraphicView", "NView.GraphicView\NView.GraphicView.csproj", "{30EA21CA-8390-455A-BEE1-6566975E296E}"
EndProject
Project("{FAE04EC0-301F-11D3-BF4B-00C04F79EFBC}") = "NView.GraphicView.Mac", "NView.GraphicView.Mac\NView.GraphicView.Mac.csproj", "{6F9F0DAF-56E7-440C-B014-AD09E65C0E67}"
EndProject
Project("{FAE04EC0-301F-11D3-BF4B-00C04F79EFBC}") = "NView.GraphicView.iOS", "NView.GraphicView.iOS\NView.GraphicView.iOS.csproj", "{ECF948AD-7BE0-4B65-9BDF-E7B500AE318F}"
EndProject
Project("{FAE04EC0-301F-11D3-BF4B-00C04F79EFBC}") = "NView.GraphicView.Android", "NView.GraphicView.Android\NView.GraphicView.Android.csproj", "{FAC8C1C4-6F1B-4740-B59E-C59727B682FE}"
EndProject
Project("{2150E333-8FDC-42A3-9474-1A3956D46DE8}") = "Solution Items", "Solution Items", "{3A85CE35-008E-4127-AAA1-45412647C855}"
	ProjectSection(SolutionItems) = preProject
		NView.GraphicView.nuspec = NView.GraphicView.nuspec
	EndProjectSection
EndProject
Global
	GlobalSection(SolutionConfigurationPlatforms) = preSolution
		Debug|Any CPU = Debug|Any CPU
		Release|Any CPU = Release|Any CPU
	EndGlobalSection
	GlobalSection(ProjectConfigurationPlatforms) = postSolution
		{30EA21CA-8390-455A-BEE1-6566975E296E}.Debug|Any CPU.ActiveCfg = Debug|Any CPU
		{30EA21CA-8390-455A-BEE1-6566975E296E}.Debug|Any CPU.Build.0 = Debug|Any CPU
		{30EA21CA-8390-455A-BEE1-6566975E296E}.Release|Any CPU.ActiveCfg = Release|Any CPU
		{30EA21CA-8390-455A-BEE1-6566975E296E}.Release|Any CPU.Build.0 = Release|Any CPU
		{6F9F0DAF-56E7-440C-B014-AD09E65C0E67}.Debug|Any CPU.ActiveCfg = Debug|Any CPU
		{6F9F0DAF-56E7-440C-B014-AD09E65C0E67}.Debug|Any CPU.Build.0 = Debug|Any CPU
		{6F9F0DAF-56E7-440C-B014-AD09E65C0E67}.Release|Any CPU.ActiveCfg = Release|Any CPU
		{6F9F0DAF-56E7-440C-B014-AD09E65C0E67}.Release|Any CPU.Build.0 = Release|Any CPU
		{ECF948AD-7BE0-4B65-9BDF-E7B500AE318F}.Debug|Any CPU.ActiveCfg = Debug|Any CPU
		{ECF948AD-7BE0-4B65-9BDF-E7B500AE318F}.Debug|Any CPU.Build.0 = Debug|Any CPU
		{ECF948AD-7BE0-4B65-9BDF-E7B500AE318F}.Release|Any CPU.ActiveCfg = Release|Any CPU
		{ECF948AD-7BE0-4B65-9BDF-E7B500AE318F}.Release|Any CPU.Build.0 = Release|Any CPU
		{FAC8C1C4-6F1B-4740-B59E-C59727B682FE}.Debug|Any CPU.ActiveCfg = Debug|Any CPU
		{FAC8C1C4-6F1B-4740-B59E-C59727B682FE}.Debug|Any CPU.Build.0 = Debug|Any CPU
		{FAC8C1C4-6F1B-4740-B59E-C59727B682FE}.Release|Any CPU.ActiveCfg = Release|Any CPU
		{FAC8C1C4-6F1B-4740-B59E-C59727B682FE}.Release|Any CPU.Build.0 = Release|Any CPU
	EndGlobalSection
	GlobalSection(NestedProjects) = preSolution
	EndGlobalSection
EndGlobal
